
Microsoft Visual Studio Solution File, Format Version 12.00
# Visual Studio Version 17
VisualStudioVersion = 17.4.33122.133
MinimumVisualStudioVersion = 10.0.40219.1
Project("{9A19103F-16F7-4668-BE54-9A1E7A4F7556}") = "calculate_net_gross_vat_for_purchasesAPI", "calculate_net_gross_vat_for_purchasesAPI\calculate_net_gross_vat_for_purchasesAPI.csproj", "{7AFDC068-6C4C-43A3-8F3C-4850B09C07D4}"
EndProject
Project("{FAE04EC0-301F-11D3-BF4B-00C04F79EFBC}") = "calculate_vatTests", "calculate_vatTests\calculate_vatTests.csproj", "{B45920DC-489B-4134-941A-06708A55DDDD}"
EndProject
Global
	GlobalSection(SolutionConfigurationPlatforms) = preSolution
		Debug|Any CPU = Debug|Any CPU
		Release|Any CPU = Release|Any CPU
	EndGlobalSection
	GlobalSection(ProjectConfigurationPlatforms) = postSolution
		{7AFDC068-6C4C-43A3-8F3C-4850B09C07D4}.Debug|Any CPU.ActiveCfg = Debug|Any CPU
		{7AFDC068-6C4C-43A3-8F3C-4850B09C07D4}.Debug|Any CPU.Build.0 = Debug|Any CPU
		{7AFDC068-6C4C-43A3-8F3C-4850B09C07D4}.Release|Any CPU.ActiveCfg = Release|Any CPU
		{7AFDC068-6C4C-43A3-8F3C-4850B09C07D4}.Release|Any CPU.Build.0 = Release|Any CPU
		{B45920DC-489B-4134-941A-06708A55DDDD}.Debug|Any CPU.ActiveCfg = Debug|Any CPU
		{B45920DC-489B-4134-941A-06708A55DDDD}.Debug|Any CPU.Build.0 = Debug|Any CPU
		{B45920DC-489B-4134-941A-06708A55DDDD}.Release|Any CPU.ActiveCfg = Release|Any CPU
		{B45920DC-489B-4134-941A-06708A55DDDD}.Release|Any CPU.Build.0 = Release|Any CPU
	EndGlobalSection
	GlobalSection(SolutionProperties) = preSolution
		HideSolutionNode = FALSE
	EndGlobalSection
	GlobalSection(ExtensibilityGlobals) = postSolution
		SolutionGuid = {08DEE7B2-CAE0-406A-98F3-A322884819BA}
	EndGlobalSection
EndGlobal
